
Microsoft Visual Studio Solution File, Format Version 12.00
# Visual Studio 15
VisualStudioVersion = 15.0.28307.271
MinimumVisualStudioVersion = 10.0.40219.1
Project("{FAE04EC0-301F-11D3-BF4B-00C04F79EFBC}") = "ImagesImporter4XamariniOS", "ImagesImporter4XamariniOS\ImagesImporter4XamariniOS.csproj", "{0F8BCCC9-85AB-42B1-969C-18FF54533B66}"
EndProject
Global
	GlobalSection(SolutionConfigurationPlatforms) = preSolution
		Debug|Any CPU = Debug|Any CPU
		Release|Any CPU = Release|Any CPU
	EndGlobalSection
	GlobalSection(ProjectConfigurationPlatforms) = postSolution
		{0F8BCCC9-85AB-42B1-969C-18FF54533B66}.Debug|Any CPU.ActiveCfg = Debug|Any CPU
		{0F8BCCC9-85AB-42B1-969C-18FF54533B66}.Debug|Any CPU.Build.0 = Debug|Any CPU
		{0F8BCCC9-85AB-42B1-969C-18FF54533B66}.Release|Any CPU.ActiveCfg = Release|Any CPU
		{0F8BCCC9-85AB-42B1-969C-18FF54533B66}.Release|Any CPU.Build.0 = Release|Any CPU
	EndGlobalSection
	GlobalSection(SolutionProperties) = preSolution
		HideSolutionNode = FALSE
	EndGlobalSection
	GlobalSection(ExtensibilityGlobals) = postSolution
		SolutionGuid = {3849D84F-EC38-466E-9C65-B9585BF13852}
	EndGlobalSection
EndGlobal
